// !$*UTF8*$!
{
	archiveVersion = 1;
	classes = {
	};
	objectVersion = 46;
	objects = {

/* Begin PBXBuildFile section */
		1A0C7057178B40C50009F369 /* CoreLocation.framework in Frameworks */ = {isa = PBXBuildFile; fileRef = 1A0C7056178B40C50009F369 /* CoreLocation.framework */; };
		1A6088BD1784A41000822E2F /* GLOrganisation.m in Sources */ = {isa = PBXBuildFile; fileRef = 1A6088BC1784A41000822E2F /* GLOrganisation.m */; };
		1A68A54C1768E5BA007455BD /* UIKit.framework in Frameworks */ = {isa = PBXBuildFile; fileRef = 1A68A54B1768E5BA007455BD /* UIKit.framework */; };
		1A68A54E1768E5BA007455BD /* Foundation.framework in Frameworks */ = {isa = PBXBuildFile; fileRef = 1A68A54D1768E5BA007455BD /* Foundation.framework */; };
		1A68A5501768E5BA007455BD /* CoreGraphics.framework in Frameworks */ = {isa = PBXBuildFile; fileRef = 1A68A54F1768E5BA007455BD /* CoreGraphics.framework */; };
		1A68A5561768E5BA007455BD /* InfoPlist.strings in Resources */ = {isa = PBXBuildFile; fileRef = 1A68A5541768E5BA007455BD /* InfoPlist.strings */; };
		1A68A5581768E5BA007455BD /* main.m in Sources */ = {isa = PBXBuildFile; fileRef = 1A68A5571768E5BA007455BD /* main.m */; };
		1A68A55C1768E5BA007455BD /* GLAppDelegate.m in Sources */ = {isa = PBXBuildFile; fileRef = 1A68A55B1768E5BA007455BD /* GLAppDelegate.m */; };
		1A68A55E1768E5BA007455BD /* Default.png in Resources */ = {isa = PBXBuildFile; fileRef = 1A68A55D1768E5BA007455BD /* Default.png */; };
		1A68A5601768E5BA007455BD /* Default@2x.png in Resources */ = {isa = PBXBuildFile; fileRef = 1A68A55F1768E5BA007455BD /* Default@2x.png */; };
		1A68A5621768E5BA007455BD /* Default-568h@2x.png in Resources */ = {isa = PBXBuildFile; fileRef = 1A68A5611768E5BA007455BD /* Default-568h@2x.png */; };
		1A68A5A5176E91CF007455BD /* Organisations.plist in Resources */ = {isa = PBXBuildFile; fileRef = 1A68A5A4176E91CF007455BD /* Organisations.plist */; };
		1A8AC1FD1773B875005633D8 /* GLProtocolDataStore.m in Sources */ = {isa = PBXBuildFile; fileRef = 1A8AC1FC1773B875005633D8 /* GLProtocolDataStore.m */; };
		1A8AC2041773BE7A005633D8 /* GLOrganisationDataStore.m in Sources */ = {isa = PBXBuildFile; fileRef = 1A8AC2031773BE7A005633D8 /* GLOrganisationDataStore.m */; };
		1A8AC20717767DBB005633D8 /* GLOrganisationSelectVC.m in Sources */ = {isa = PBXBuildFile; fileRef = 1A8AC20617767DBB005633D8 /* GLOrganisationSelectVC.m */; };
		1A8AC20C17767EBD005633D8 /* GLMyOrganisationVC.m in Sources */ = {isa = PBXBuildFile; fileRef = 1A8AC20A17767EBD005633D8 /* GLMyOrganisationVC.m */; };
		1A8AC20D17767EBD005633D8 /* GLMyOrganisationVC.xib in Resources */ = {isa = PBXBuildFile; fileRef = 1A8AC20B17767EBD005633D8 /* GLMyOrganisationVC.xib */; };
		1A8AC217177686A2005633D8 /* SelectFromList_290_45.png in Resources */ = {isa = PBXBuildFile; fileRef = 1A8AC215177686A2005633D8 /* SelectFromList_290_45.png */; };
		1A8AC218177686A2005633D8 /* SelectNearby_290_45.png in Resources */ = {isa = PBXBuildFile; fileRef = 1A8AC216177686A2005633D8 /* SelectNearby_290_45.png */; };
		1A8AC2221776A371005633D8 /* GuideLiner.png in Resources */ = {isa = PBXBuildFile; fileRef = 1A8AC2211776A371005633D8 /* GuideLiner.png */; };
		1A8AC2241776A383005633D8 /* SetHome_30_30.png in Resources */ = {isa = PBXBuildFile; fileRef = 1A8AC2231776A383005633D8 /* SetHome_30_30.png */; };
		1A8AC2271776A506005633D8 /* MyProtocols_30_30.png in Resources */ = {isa = PBXBuildFile; fileRef = 1A8AC2251776A506005633D8 /* MyProtocols_30_30.png */; };
		1A8AC2281776A506005633D8 /* Sync_30_30.png in Resources */ = {isa = PBXBuildFile; fileRef = 1A8AC2261776A506005633D8 /* Sync_30_30.png */; };
		1A8AC22C1776A7DB005633D8 /* GLSyncVC.m in Sources */ = {isa = PBXBuildFile; fileRef = 1A8AC22A1776A7DB005633D8 /* GLSyncVC.m */; };
		1A8AC22D1776A7DB005633D8 /* GLSyncVC.xib in Resources */ = {isa = PBXBuildFile; fileRef = 1A8AC22B1776A7DB005633D8 /* GLSyncVC.xib */; };
		1A8AC2311776AB7E005633D8 /* GLMyProtocolsVC.m in Sources */ = {isa = PBXBuildFile; fileRef = 1A8AC22F1776AB7E005633D8 /* GLMyProtocolsVC.m */; };
		1A8AC2341776DD4A005633D8 /* GLOrganisationSelectVC.xib in Resources */ = {isa = PBXBuildFile; fileRef = 1A8AC2331776DD4A005633D8 /* GLOrganisationSelectVC.xib */; };
/* End PBXBuildFile section */

/* Begin PBXFileReference section */
		1A0C7056178B40C50009F369 /* CoreLocation.framework */ = {isa = PBXFileReference; lastKnownFileType = wrapper.framework; name = CoreLocation.framework; path = System/Library/Frameworks/CoreLocation.framework; sourceTree = SDKROOT; };
		1A6088BB1784A41000822E2F /* GLOrganisation.h */ = {isa = PBXFileReference; fileEncoding = 4; lastKnownFileType = sourcecode.c.h; path = GLOrganisation.h; sourceTree = "<group>"; };
		1A6088BC1784A41000822E2F /* GLOrganisation.m */ = {isa = PBXFileReference; fileEncoding = 4; lastKnownFileType = sourcecode.c.objc; path = GLOrganisation.m; sourceTree = "<group>"; };
		1A68A5481768E5BA007455BD /* GuideLiner.app */ = {isa = PBXFileReference; explicitFileType = wrapper.application; includeInIndex = 0; path = GuideLiner.app; sourceTree = BUILT_PRODUCTS_DIR; };
		1A68A54B1768E5BA007455BD /* UIKit.framework */ = {isa = PBXFileReference; lastKnownFileType = wrapper.framework; name = UIKit.framework; path = System/Library/Frameworks/UIKit.framework; sourceTree = SDKROOT; };
		1A68A54D1768E5BA007455BD /* Foundation.framework */ = {isa = PBXFileReference; lastKnownFileType = wrapper.framework; name = Foundation.framework; path = System/Library/Frameworks/Foundation.framework; sourceTree = SDKROOT; };
		1A68A54F1768E5BA007455BD /* CoreGraphics.framework */ = {isa = PBXFileReference; lastKnownFileType = wrapper.framework; name = CoreGraphics.framework; path = System/Library/Frameworks/CoreGraphics.framework; sourceTree = SDKROOT; };
		1A68A5531768E5BA007455BD /* GuideLiner-Info.plist */ = {isa = PBXFileReference; lastKnownFileType = text.plist.xml; path = "GuideLiner-Info.plist"; sourceTree = "<group>"; };
		1A68A5551768E5BA007455BD /* en */ = {isa = PBXFileReference; lastKnownFileType = text.plist.strings; name = en; path = en.lproj/InfoPlist.strings; sourceTree = "<group>"; };
		1A68A5571768E5BA007455BD /* main.m */ = {isa = PBXFileReference; lastKnownFileType = sourcecode.c.objc; path = main.m; sourceTree = "<group>"; };
		1A68A5591768E5BA007455BD /* GuideLiner-Prefix.pch */ = {isa = PBXFileReference; lastKnownFileType = sourcecode.c.h; path = "GuideLiner-Prefix.pch"; sourceTree = "<group>"; };
		1A68A55A1768E5BA007455BD /* GLAppDelegate.h */ = {isa = PBXFileReference; lastKnownFileType = sourcecode.c.h; path = GLAppDelegate.h; sourceTree = "<group>"; };
		1A68A55B1768E5BA007455BD /* GLAppDelegate.m */ = {isa = PBXFileReference; lastKnownFileType = sourcecode.c.objc; path = GLAppDelegate.m; sourceTree = "<group>"; };
		1A68A55D1768E5BA007455BD /* Default.png */ = {isa = PBXFileReference; lastKnownFileType = image.png; path = Default.png; sourceTree = "<group>"; };
		1A68A55F1768E5BA007455BD /* Default@2x.png */ = {isa = PBXFileReference; lastKnownFileType = image.png; path = "Default@2x.png"; sourceTree = "<group>"; };
		1A68A5611768E5BA007455BD /* Default-568h@2x.png */ = {isa = PBXFileReference; lastKnownFileType = image.png; path = "Default-568h@2x.png"; sourceTree = "<group>"; };
		1A68A59D176E8209007455BD /* Networking.h */ = {isa = PBXFileReference; lastKnownFileType = sourcecode.c.h; path = Networking.h; sourceTree = "<group>"; };
		1A68A5A4176E91CF007455BD /* Organisations.plist */ = {isa = PBXFileReference; fileEncoding = 4; lastKnownFileType = text.plist.xml; path = Organisations.plist; sourceTree = "<group>"; };
		1A8AC1FB1773B875005633D8 /* GLProtocolDataStore.h */ = {isa = PBXFileReference; fileEncoding = 4; lastKnownFileType = sourcecode.c.h; path = GLProtocolDataStore.h; sourceTree = "<group>"; };
		1A8AC1FC1773B875005633D8 /* GLProtocolDataStore.m */ = {isa = PBXFileReference; fileEncoding = 4; lastKnownFileType = sourcecode.c.objc; path = GLProtocolDataStore.m; sourceTree = "<group>"; };
		1A8AC2021773BE7A005633D8 /* GLOrganisationDataStore.h */ = {isa = PBXFileReference; fileEncoding = 4; lastKnownFileType = sourcecode.c.h; path = GLOrganisationDataStore.h; sourceTree = "<group>"; };
		1A8AC2031773BE7A005633D8 /* GLOrganisationDataStore.m */ = {isa = PBXFileReference; fileEncoding = 4; lastKnownFileType = sourcecode.c.objc; path = GLOrganisationDataStore.m; sourceTree = "<group>"; };
		1A8AC20617767DBB005633D8 /* GLOrganisationSelectVC.m */ = {isa = PBXFileReference; fileEncoding = 4; lastKnownFileType = sourcecode.c.objc; path = GLOrganisationSelectVC.m; sourceTree = "<group>"; };
		1A8AC20817767E4B005633D8 /* GLOrganisationSelectVC.h */ = {isa = PBXFileReference; fileEncoding = 4; lastKnownFileType = sourcecode.c.h; path = GLOrganisationSelectVC.h; sourceTree = "<group>"; };
		1A8AC20917767EBD005633D8 /* GLMyOrganisationVC.h */ = {isa = PBXFileReference; fileEncoding = 4; lastKnownFileType = sourcecode.c.h; path = GLMyOrganisationVC.h; sourceTree = "<group>"; };
		1A8AC20A17767EBD005633D8 /* GLMyOrganisationVC.m */ = {isa = PBXFileReference; fileEncoding = 4; lastKnownFileType = sourcecode.c.objc; path = GLMyOrganisationVC.m; sourceTree = "<group>"; };
		1A8AC20B17767EBD005633D8 /* GLMyOrganisationVC.xib */ = {isa = PBXFileReference; fileEncoding = 4; lastKnownFileType = file.xib; path = GLMyOrganisationVC.xib; sourceTree = "<group>"; };
		1A8AC215177686A2005633D8 /* SelectFromList_290_45.png */ = {isa = PBXFileReference; lastKnownFileType = image.png; path = SelectFromList_290_45.png; sourceTree = "<group>"; };
		1A8AC216177686A2005633D8 /* SelectNearby_290_45.png */ = {isa = PBXFileReference; lastKnownFileType = image.png; path = SelectNearby_290_45.png; sourceTree = "<group>"; };
		1A8AC2211776A371005633D8 /* GuideLiner.png */ = {isa = PBXFileReference; lastKnownFileType = image.png; path = GuideLiner.png; sourceTree = "<group>"; };
		1A8AC2231776A383005633D8 /* SetHome_30_30.png */ = {isa = PBXFileReference; lastKnownFileType = image.png; path = SetHome_30_30.png; sourceTree = "<group>"; };
		1A8AC2251776A506005633D8 /* MyProtocols_30_30.png */ = {isa = PBXFileReference; lastKnownFileType = image.png; path = MyProtocols_30_30.png; sourceTree = "<group>"; };
		1A8AC2261776A506005633D8 /* Sync_30_30.png */ = {isa = PBXFileReference; lastKnownFileType = image.png; path = Sync_30_30.png; sourceTree = "<group>"; };
		1A8AC2291776A7DA005633D8 /* GLSyncVC.h */ = {isa = PBXFileReference; fileEncoding = 4; lastKnownFileType = sourcecode.c.h; path = GLSyncVC.h; sourceTree = "<group>"; };
		1A8AC22A1776A7DB005633D8 /* GLSyncVC.m */ = {isa = PBXFileReference; fileEncoding = 4; lastKnownFileType = sourcecode.c.objc; path = GLSyncVC.m; sourceTree = "<group>"; };
		1A8AC22B1776A7DB005633D8 /* GLSyncVC.xib */ = {isa = PBXFileReference; fileEncoding = 4; lastKnownFileType = file.xib; path = GLSyncVC.xib; sourceTree = "<group>"; };
		1A8AC22E1776AB7E005633D8 /* GLMyProtocolsVC.h */ = {isa = PBXFileReference; fileEncoding = 4; lastKnownFileType = sourcecode.c.h; path = GLMyProtocolsVC.h; sourceTree = "<group>"; };
		1A8AC22F1776AB7E005633D8 /* GLMyProtocolsVC.m */ = {isa = PBXFileReference; fileEncoding = 4; lastKnownFileType = sourcecode.c.objc; path = GLMyProtocolsVC.m; sourceTree = "<group>"; };
		1A8AC2331776DD4A005633D8 /* GLOrganisationSelectVC.xib */ = {isa = PBXFileReference; fileEncoding = 4; lastKnownFileType = file.xib; path = GLOrganisationSelectVC.xib; sourceTree = "<group>"; };
/* End PBXFileReference section */

/* Begin PBXFrameworksBuildPhase section */
		1A68A5451768E5BA007455BD /* Frameworks */ = {
			isa = PBXFrameworksBuildPhase;
			buildActionMask = 2147483647;
			files = (
				1A0C7057178B40C50009F369 /* CoreLocation.framework in Frameworks */,
				1A68A54C1768E5BA007455BD /* UIKit.framework in Frameworks */,
				1A68A54E1768E5BA007455BD /* Foundation.framework in Frameworks */,
				1A68A5501768E5BA007455BD /* CoreGraphics.framework in Frameworks */,
			);
			runOnlyForDeploymentPostprocessing = 0;
		};
/* End PBXFrameworksBuildPhase section */

/* Begin PBXGroup section */
		1A68A53F1768E5BA007455BD = {
			isa = PBXGroup;
			children = (
				1A0C7056178B40C50009F369 /* CoreLocation.framework */,
				1A68A5511768E5BA007455BD /* GuideLiner */,
				1A68A54A1768E5BA007455BD /* Frameworks */,
				1A68A5491768E5BA007455BD /* Products */,
			);
			sourceTree = "<group>";
		};
		1A68A5491768E5BA007455BD /* Products */ = {
			isa = PBXGroup;
			children = (
				1A68A5481768E5BA007455BD /* GuideLiner.app */,
			);
			name = Products;
			sourceTree = "<group>";
		};
		1A68A54A1768E5BA007455BD /* Frameworks */ = {
			isa = PBXGroup;
			children = (
				1A68A54B1768E5BA007455BD /* UIKit.framework */,
				1A68A54D1768E5BA007455BD /* Foundation.framework */,
				1A68A54F1768E5BA007455BD /* CoreGraphics.framework */,
			);
			name = Frameworks;
			sourceTree = "<group>";
		};
		1A68A5511768E5BA007455BD /* GuideLiner */ = {
			isa = PBXGroup;
			children = (
				1A68A5681768E5DE007455BD /* Application */,
				1A68A5691768E5E5007455BD /* Model */,
				1A68A56A1768E5EC007455BD /* View */,
				1A68A56B1768E5F2007455BD /* Controller */,
				1A68A59C176E81E4007455BD /* Networking */,
				1A68A5521768E5BA007455BD /* Supporting Files */,
			);
			path = GuideLiner;
			sourceTree = "<group>";
		};
		1A68A5521768E5BA007455BD /* Supporting Files */ = {
			isa = PBXGroup;
			children = (
				1A8AC20E1776817A005633D8 /* Images */,
				1A68A5531768E5BA007455BD /* GuideLiner-Info.plist */,
				1A68A5A4176E91CF007455BD /* Organisations.plist */,
				1A68A5541768E5BA007455BD /* InfoPlist.strings */,
				1A68A5571768E5BA007455BD /* main.m */,
				1A68A5591768E5BA007455BD /* GuideLiner-Prefix.pch */,
				1A68A55D1768E5BA007455BD /* Default.png */,
				1A68A55F1768E5BA007455BD /* Default@2x.png */,
				1A68A5611768E5BA007455BD /* Default-568h@2x.png */,
			);
			name = "Supporting Files";
			sourceTree = "<group>";
		};
		1A68A5681768E5DE007455BD /* Application */ = {
			isa = PBXGroup;
			children = (
				1A68A55A1768E5BA007455BD /* GLAppDelegate.h */,
				1A68A55B1768E5BA007455BD /* GLAppDelegate.m */,
			);
			name = Application;
			sourceTree = "<group>";
		};
		1A68A5691768E5E5007455BD /* Model */ = {
			isa = PBXGroup;
			children = (
				1A8AC1FB1773B875005633D8 /* GLProtocolDataStore.h */,
				1A8AC1FC1773B875005633D8 /* GLProtocolDataStore.m */,
				1A8AC2021773BE7A005633D8 /* GLOrganisationDataStore.h */,
				1A8AC2031773BE7A005633D8 /* GLOrganisationDataStore.m */,
				1A6088BB1784A41000822E2F /* GLOrganisation.h */,
				1A6088BC1784A41000822E2F /* GLOrganisation.m */,
			);
			name = Model;
			sourceTree = "<group>";
		};
		1A68A56A1768E5EC007455BD /* View */ = {
			isa = PBXGroup;
			children = (
				1A8AC22B1776A7DB005633D8 /* GLSyncVC.xib */,
				1A8AC20B17767EBD005633D8 /* GLMyOrganisationVC.xib */,
				1A8AC2331776DD4A005633D8 /* GLOrganisationSelectVC.xib */,
			);
			name = View;
			sourceTree = "<group>";
		};
		1A68A56B1768E5F2007455BD /* Controller */ = {
			isa = PBXGroup;
			children = (
				1A8AC22E1776AB7E005633D8 /* GLMyProtocolsVC.h */,
				1A8AC22F1776AB7E005633D8 /* GLMyProtocolsVC.m */,
				1A8AC20917767EBD005633D8 /* GLMyOrganisationVC.h */,
				1A8AC20A17767EBD005633D8 /* GLMyOrganisationVC.m */,
				1A8AC20817767E4B005633D8 /* GLOrganisationSelectVC.h */,
				1A8AC20617767DBB005633D8 /* GLOrganisationSelectVC.m */,
				1A8AC2291776A7DA005633D8 /* GLSyncVC.h */,
				1A8AC22A1776A7DB005633D8 /* GLSyncVC.m */,
			);
			name = Controller;
			sourceTree = "<group>";
		};
		1A68A59C176E81E4007455BD /* Networking */ = {
			isa = PBXGroup;
			children = (
				1A68A59D176E8209007455BD /* Networking.h */,
			);
			name = Networking;
			sourceTree = "<group>";
		};
		1A8AC20E1776817A005633D8 /* Images */ = {
			isa = PBXGroup;
			children = (
				1A8AC2251776A506005633D8 /* MyProtocols_30_30.png */,
				1A8AC2261776A506005633D8 /* Sync_30_30.png */,
				1A8AC2231776A383005633D8 /* SetHome_30_30.png */,
				1A8AC2211776A371005633D8 /* GuideLiner.png */,
				1A8AC215177686A2005633D8 /* SelectFromList_290_45.png */,
				1A8AC216177686A2005633D8 /* SelectNearby_290_45.png */,
			);
			name = Images;
			sourceTree = "<group>";
		};
/* End PBXGroup section */

/* Begin PBXNativeTarget section */
		1A68A5471768E5BA007455BD /* GuideLiner */ = {
			isa = PBXNativeTarget;
			buildConfigurationList = 1A68A5651768E5BA007455BD /* Build configuration list for PBXNativeTarget "GuideLiner" */;
			buildPhases = (
				1A68A5441768E5BA007455BD /* Sources */,
				1A68A5451768E5BA007455BD /* Frameworks */,
				1A68A5461768E5BA007455BD /* Resources */,
			);
			buildRules = (
			);
			dependencies = (
			);
			name = GuideLiner;
			productName = GuideLiner;
			productReference = 1A68A5481768E5BA007455BD /* GuideLiner.app */;
			productType = "com.apple.product-type.application";
		};
/* End PBXNativeTarget section */

/* Begin PBXProject section */
		1A68A5401768E5BA007455BD /* Project object */ = {
			isa = PBXProject;
			attributes = {
				CLASSPREFIX = GL;
				LastUpgradeCheck = 0460;
				ORGANIZATIONNAME = Goatfish;
			};
			buildConfigurationList = 1A68A5431768E5BA007455BD /* Build configuration list for PBXProject "GuideLiner" */;
			compatibilityVersion = "Xcode 3.2";
			developmentRegion = English;
			hasScannedForEncodings = 0;
			knownRegions = (
				en,
			);
			mainGroup = 1A68A53F1768E5BA007455BD;
			productRefGroup = 1A68A5491768E5BA007455BD /* Products */;
			projectDirPath = "";
			projectRoot = "";
			targets = (
				1A68A5471768E5BA007455BD /* GuideLiner */,
			);
		};
/* End PBXProject section */

/* Begin PBXResourcesBuildPhase section */
		1A68A5461768E5BA007455BD /* Resources */ = {
			isa = PBXResourcesBuildPhase;
			buildActionMask = 2147483647;
			files = (
				1A68A5561768E5BA007455BD /* InfoPlist.strings in Resources */,
				1A68A55E1768E5BA007455BD /* Default.png in Resources */,
				1A68A5601768E5BA007455BD /* Default@2x.png in Resources */,
				1A68A5621768E5BA007455BD /* Default-568h@2x.png in Resources */,
				1A68A5A5176E91CF007455BD /* Organisations.plist in Resources */,
				1A8AC20D17767EBD005633D8 /* GLMyOrganisationVC.xib in Resources */,
				1A8AC217177686A2005633D8 /* SelectFromList_290_45.png in Resources */,
				1A8AC218177686A2005633D8 /* SelectNearby_290_45.png in Resources */,
				1A8AC2221776A371005633D8 /* GuideLiner.png in Resources */,
				1A8AC2241776A383005633D8 /* SetHome_30_30.png in Resources */,
				1A8AC2271776A506005633D8 /* MyProtocols_30_30.png in Resources */,
				1A8AC2281776A506005633D8 /* Sync_30_30.png in Resources */,
				1A8AC22D1776A7DB005633D8 /* GLSyncVC.xib in Resources */,
				1A8AC2341776DD4A005633D8 /* GLOrganisationSelectVC.xib in Resources */,
			);
			runOnlyForDeploymentPostprocessing = 0;
		};
/* End PBXResourcesBuildPhase section */

/* Begin PBXSourcesBuildPhase section */
		1A68A5441768E5BA007455BD /* Sources */ = {
			isa = PBXSourcesBuildPhase;
			buildActionMask = 2147483647;
			files = (
				1A68A5581768E5BA007455BD /* main.m in Sources */,
				1A68A55C1768E5BA007455BD /* GLAppDelegate.m in Sources */,
				1A8AC1FD1773B875005633D8 /* GLProtocolDataStore.m in Sources */,
				1A8AC2041773BE7A005633D8 /* GLOrganisationDataStore.m in Sources */,
				1A8AC20717767DBB005633D8 /* GLOrganisationSelectVC.m in Sources */,
				1A8AC20C17767EBD005633D8 /* GLMyOrganisationVC.m in Sources */,
				1A8AC22C1776A7DB005633D8 /* GLSyncVC.m in Sources */,
				1A8AC2311776AB7E005633D8 /* GLMyProtocolsVC.m in Sources */,
				1A6088BD1784A41000822E2F /* GLOrganisation.m in Sources */,
			);
			runOnlyForDeploymentPostprocessing = 0;
		};
/* End PBXSourcesBuildPhase section */

/* Begin PBXVariantGroup section */
		1A68A5541768E5BA007455BD /* InfoPlist.strings */ = {
			isa = PBXVariantGroup;
			children = (
				1A68A5551768E5BA007455BD /* en */,
			);
			name = InfoPlist.strings;
			sourceTree = "<group>";
		};
/* End PBXVariantGroup section */

/* Begin XCBuildConfiguration section */
		1A68A5631768E5BA007455BD /* Debug */ = {
			isa = XCBuildConfiguration;
			buildSettings = {
				ALWAYS_SEARCH_USER_PATHS = NO;
				CLANG_CXX_LANGUAGE_STANDARD = "gnu++0x";
				CLANG_CXX_LIBRARY = "libc++";
				CLANG_ENABLE_OBJC_ARC = YES;
				CLANG_WARN_CONSTANT_CONVERSION = YES;
				CLANG_WARN_EMPTY_BODY = YES;
				CLANG_WARN_ENUM_CONVERSION = YES;
				CLANG_WARN_INT_CONVERSION = YES;
				CLANG_WARN__DUPLICATE_METHOD_MATCH = YES;
				"CODE_SIGN_IDENTITY[sdk=iphoneos*]" = "iPhone Developer";
				COPY_PHASE_STRIP = NO;
				GCC_C_LANGUAGE_STANDARD = gnu99;
				GCC_DYNAMIC_NO_PIC = NO;
				GCC_OPTIMIZATION_LEVEL = 0;
				GCC_PREPROCESSOR_DEFINITIONS = (
					"DEBUG=1",
					"$(inherited)",
				);
				GCC_SYMBOLS_PRIVATE_EXTERN = NO;
				GCC_WARN_ABOUT_RETURN_TYPE = YES;
				GCC_WARN_UNINITIALIZED_AUTOS = YES;
				GCC_WARN_UNUSED_VARIABLE = YES;
				IPHONEOS_DEPLOYMENT_TARGET = 6.1;
				ONLY_ACTIVE_ARCH = YES;
				SDKROOT = iphoneos;
				TARGETED_DEVICE_FAMILY = "1,2";
			};
			name = Debug;
		};
		1A68A5641768E5BA007455BD /* Release */ = {
			isa = XCBuildConfiguration;
			buildSettings = {
				ALWAYS_SEARCH_USER_PATHS = NO;
				CLANG_CXX_LANGUAGE_STANDARD = "gnu++0x";
				CLANG_CXX_LIBRARY = "libc++";
				CLANG_ENABLE_OBJC_ARC = YES;
				CLANG_WARN_CONSTANT_CONVERSION = YES;
				CLANG_WARN_EMPTY_BODY = YES;
				CLANG_WARN_ENUM_CONVERSION = YES;
				CLANG_WARN_INT_CONVERSION = YES;
				CLANG_WARN__DUPLICATE_METHOD_MATCH = YES;
				"CODE_SIGN_IDENTITY[sdk=iphoneos*]" = "iPhone Developer";
				COPY_PHASE_STRIP = YES;
				GCC_C_LANGUAGE_STANDARD = gnu99;
				GCC_WARN_ABOUT_RETURN_TYPE = YES;
				GCC_WARN_UNINITIALIZED_AUTOS = YES;
				GCC_WARN_UNUSED_VARIABLE = YES;
				IPHONEOS_DEPLOYMENT_TARGET = 6.1;
				OTHER_CFLAGS = "-DNS_BLOCK_ASSERTIONS=1";
				SDKROOT = iphoneos;
				TARGETED_DEVICE_FAMILY = "1,2";
				VALIDATE_PRODUCT = YES;
			};
			name = Release;
		};
		1A68A5661768E5BA007455BD /* Debug */ = {
			isa = XCBuildConfiguration;
			buildSettings = {
				GCC_PRECOMPILE_PREFIX_HEADER = YES;
				GCC_PREFIX_HEADER = "GuideLiner/GuideLiner-Prefix.pch";
				INFOPLIST_FILE = "GuideLiner/GuideLiner-Info.plist";
				PRODUCT_NAME = "$(TARGET_NAME)";
				WRAPPER_EXTENSION = app;
			};
			name = Debug;
		};
		1A68A5671768E5BA007455BD /* Release */ = {
			isa = XCBuildConfiguration;
			buildSettings = {
				GCC_PRECOMPILE_PREFIX_HEADER = YES;
				GCC_PREFIX_HEADER = "GuideLiner/GuideLiner-Prefix.pch";
				INFOPLIST_FILE = "GuideLiner/GuideLiner-Info.plist";
				PRODUCT_NAME = "$(TARGET_NAME)";
				WRAPPER_EXTENSION = app;
			};
			name = Release;
		};
/* End XCBuildConfiguration section */

/* Begin XCConfigurationList section */
		1A68A5431768E5BA007455BD /* Build configuration list for PBXProject "GuideLiner" */ = {
			isa = XCConfigurationList;
			buildConfigurations = (
				1A68A5631768E5BA007455BD /* Debug */,
				1A68A5641768E5BA007455BD /* Release */,
			);
			defaultConfigurationIsVisible = 0;
			defaultConfigurationName = Release;
		};
		1A68A5651768E5BA007455BD /* Build configuration list for PBXNativeTarget "GuideLiner" */ = {
			isa = XCConfigurationList;
			buildConfigurations = (
				1A68A5661768E5BA007455BD /* Debug */,
				1A68A5671768E5BA007455BD /* Release */,
			);
			defaultConfigurationIsVisible = 0;
			defaultConfigurationName = Release;
		};
/* End XCConfigurationList section */
	};
	rootObject = 1A68A5401768E5BA007455BD /* Project object */;
}
